
Microsoft Visual Studio Solution File, Format Version 12.00
# Visual Studio 15
VisualStudioVersion = 15.0.28307.1169
MinimumVisualStudioVersion = 10.0.40219.1
Project("{8BC9CEB8-8B4A-11D0-8D11-00A0C91BC942}") = "Test1", "Test1\Test1.vcxproj", "{A0A7FC58-AFF8-4520-B585-EF154950E00C}"
EndProject
Global
	GlobalSection(SolutionConfigurationPlatforms) = preSolution
		Debug|x64 = Debug|x64
		Debug|x86 = Debug|x86
		Release|x64 = Release|x64
		Release|x86 = Release|x86
	EndGlobalSection
	GlobalSection(ProjectConfigurationPlatforms) = postSolution
		{A0A7FC58-AFF8-4520-B585-EF154950E00C}.Debug|x64.ActiveCfg = Debug|x64
		{A0A7FC58-AFF8-4520-B585-EF154950E00C}.Debug|x64.Build.0 = Debug|x64
		{A0A7FC58-AFF8-4520-B585-EF154950E00C}.Debug|x86.ActiveCfg = Debug|Win32
		{A0A7FC58-AFF8-4520-B585-EF154950E00C}.Debug|x86.Build.0 = Debug|Win32
		{A0A7FC58-AFF8-4520-B585-EF154950E00C}.Release|x64.ActiveCfg = Release|x64
		{A0A7FC58-AFF8-4520-B585-EF154950E00C}.Release|x64.Build.0 = Release|x64
		{A0A7FC58-AFF8-4520-B585-EF154950E00C}.Release|x86.ActiveCfg = Release|Win32
		{A0A7FC58-AFF8-4520-B585-EF154950E00C}.Release|x86.Build.0 = Release|Win32
	EndGlobalSection
	GlobalSection(SolutionProperties) = preSolution
		HideSolutionNode = FALSE
	EndGlobalSection
	GlobalSection(ExtensibilityGlobals) = postSolution
		SolutionGuid = {243CC9E8-9304-4D4C-9B6A-61F469515CD1}
	EndGlobalSection
EndGlobal
